
Microsoft Visual Studio Solution File, Format Version 12.00
# Visual Studio Version 17
VisualStudioVersion = 17.6.33815.320
MinimumVisualStudioVersion = 10.0.40219.1
Project("{FAE04EC0-301F-11D3-BF4B-00C04F79EFBC}") = "lab2ex1", "lab2ex1\lab2ex1.csproj", "{5D3D95AD-275A-4C5C-BE49-44C22E79C738}"
EndProject
Global
	GlobalSection(SolutionConfigurationPlatforms) = preSolution
		Debug|Any CPU = Debug|Any CPU
		Release|Any CPU = Release|Any CPU
	EndGlobalSection
	GlobalSection(ProjectConfigurationPlatforms) = postSolution
		{5D3D95AD-275A-4C5C-BE49-44C22E79C738}.Debug|Any CPU.ActiveCfg = Debug|Any CPU
		{5D3D95AD-275A-4C5C-BE49-44C22E79C738}.Debug|Any CPU.Build.0 = Debug|Any CPU
		{5D3D95AD-275A-4C5C-BE49-44C22E79C738}.Release|Any CPU.ActiveCfg = Release|Any CPU
		{5D3D95AD-275A-4C5C-BE49-44C22E79C738}.Release|Any CPU.Build.0 = Release|Any CPU
	EndGlobalSection
	GlobalSection(SolutionProperties) = preSolution
		HideSolutionNode = FALSE
	EndGlobalSection
	GlobalSection(ExtensibilityGlobals) = postSolution
		SolutionGuid = {7B74667C-0086-4CB8-A917-B118470040A4}
	EndGlobalSection
EndGlobal
